
Microsoft Visual Studio Solution File, Format Version 12.00
# Visual Studio Version 17
VisualStudioVersion = 17.1.32328.378
MinimumVisualStudioVersion = 10.0.40219.1
Project("{9A19103F-16F7-4668-BE54-9A1E7A4F7556}") = "lab-1", "lab-1\lab-1.csproj", "{4630C6DC-0BA3-4E64-9D6B-360850E6514A}"
EndProject
Project("{9A19103F-16F7-4668-BE54-9A1E7A4F7556}") = "lab-1-praca-domowa", "lab-1-praca-domowa\lab-1-praca-domowa.csproj", "{B52B5EB4-354A-41B8-A731-8634E5440DD7}"
EndProject
Project("{9A19103F-16F7-4668-BE54-9A1E7A4F7556}") = "lab-2", "lab-2\lab-2.csproj", "{BDAECE44-8F12-4AB2-8C38-08D4E6691AE2}"
EndProject
Project("{9A19103F-16F7-4668-BE54-9A1E7A4F7556}") = "lab-3-zajecia", "lab-3-zajecia\lab-3-zajecia.csproj", "{7C20B026-2C51-4B6D-937F-0032CD80FA04}"
EndProject
Project("{9A19103F-16F7-4668-BE54-9A1E7A4F7556}") = "lab-3-zadanie-do-odeslania-na-zajeciach", "lab-3-zadanie-do-odeslania-na-zajeciach\lab-3-zadanie-do-odeslania-na-zajeciach.csproj", "{3E713BB5-9B81-4D79-AA67-61FD0A2E68E2}"
EndProject
Project("{9A19103F-16F7-4668-BE54-9A1E7A4F7556}") = "lab-4-zadanie-do-odeslania-na-zajeciach", "lab-4-zadanie-do-odeslania-na-zajeciach\lab-4-zadanie-do-odeslania-na-zajeciach.csproj", "{EAE5397D-39B0-4F85-8832-8CE91C449A97}"
EndProject
Project("{9A19103F-16F7-4668-BE54-9A1E7A4F7556}") = "lab-5", "lab-5\lab-5.csproj", "{B26589CB-8067-4D8A-A669-C674CC3A633B}"
EndProject
Project("{9A19103F-16F7-4668-BE54-9A1E7A4F7556}") = "lab-5-zadanie-do-odeslania-na-zajeciach", "lab-5-zadanie-do-odeslania-na-zajeciach\lab-5-zadanie-do-odeslania-na-zajeciach.csproj", "{EF72666A-0617-44E3-B7E1-5E24785BB77B}"
EndProject
Project("{9A19103F-16F7-4668-BE54-9A1E7A4F7556}") = "lab-6", "lab-6\lab-6.csproj", "{C82D6305-AB60-45A6-9200-86AFEC294008}"
EndProject
Project("{9A19103F-16F7-4668-BE54-9A1E7A4F7556}") = "lab-8-zajecia", "lab-8-zajecia\lab-8-zajecia.csproj", "{8C40C8F5-73BA-4FA6-8EF0-B544CDF8B5A1}"
EndProject
Project("{2150E333-8FDC-42A3-9474-1A3956D46DE8}") = "Solution Items", "Solution Items", "{F6E2827D-0F6E-4215-AE38-BB4693DA7A32}"
	ProjectSection(SolutionItems) = preProject
		.editorconfig = .editorconfig
	EndProjectSection
EndProject
Project("{9A19103F-16F7-4668-BE54-9A1E7A4F7556}") = "lab-7", "lab-7\lab-7.csproj", "{B7A8BC96-5AB3-4BE2-9135-80C88CC95149}"
EndProject
Project("{9A19103F-16F7-4668-BE54-9A1E7A4F7556}") = "lab-8-zadania-domowe", "lab-8-zadania-domowe\lab-8-zadania-domowe.csproj", "{1A9CA761-0943-4BC9-88AE-3E02824F4797}"
EndProject
Project("{9A19103F-16F7-4668-BE54-9A1E7A4F7556}") = "lab-9", "lab-9\lab-9.csproj", "{553ACA60-0248-440D-A992-8B29B67D7852}"
EndProject
Project("{9A19103F-16F7-4668-BE54-9A1E7A4F7556}") = "lab-2-cwiczenia", "lab-2-cwiczenia\lab-2-cwiczenia.csproj", "{BED8CF71-BB30-4F03-85AA-3CE755C76C3A}"
EndProject
Project("{9A19103F-16F7-4668-BE54-9A1E7A4F7556}") = "ConsoleApp", "ConsoleApp\ConsoleApp.csproj", "{77CE5998-519F-4463-9AA8-D812DFFEB5E5}"
EndProject
Project("{9A19103F-16F7-4668-BE54-9A1E7A4F7556}") = "Iterator", "Iterator\Iterator.csproj", "{C3FF486A-8A25-4BF3-AA22-EB8A79434AF7}"
EndProject
Project("{FAE04EC0-301F-11D3-BF4B-00C04F79EFBC}") = "Kolekcje", "Kolekcje\Kolekcje.csproj", "{AA2B1F2D-0777-4E73-A841-77F6907BF306}"
EndProject
Global
	GlobalSection(SolutionConfigurationPlatforms) = preSolution
		Debug|Any CPU = Debug|Any CPU
		Release|Any CPU = Release|Any CPU
	EndGlobalSection
	GlobalSection(ProjectConfigurationPlatforms) = postSolution
		{4630C6DC-0BA3-4E64-9D6B-360850E6514A}.Debug|Any CPU.ActiveCfg = Debug|Any CPU
		{4630C6DC-0BA3-4E64-9D6B-360850E6514A}.Debug|Any CPU.Build.0 = Debug|Any CPU
		{4630C6DC-0BA3-4E64-9D6B-360850E6514A}.Release|Any CPU.ActiveCfg = Release|Any CPU
		{4630C6DC-0BA3-4E64-9D6B-360850E6514A}.Release|Any CPU.Build.0 = Release|Any CPU
		{B52B5EB4-354A-41B8-A731-8634E5440DD7}.Debug|Any CPU.ActiveCfg = Debug|Any CPU
		{B52B5EB4-354A-41B8-A731-8634E5440DD7}.Debug|Any CPU.Build.0 = Debug|Any CPU
		{B52B5EB4-354A-41B8-A731-8634E5440DD7}.Release|Any CPU.ActiveCfg = Release|Any CPU
		{B52B5EB4-354A-41B8-A731-8634E5440DD7}.Release|Any CPU.Build.0 = Release|Any CPU
		{BDAECE44-8F12-4AB2-8C38-08D4E6691AE2}.Debug|Any CPU.ActiveCfg = Debug|Any CPU
		{BDAECE44-8F12-4AB2-8C38-08D4E6691AE2}.Debug|Any CPU.Build.0 = Debug|Any CPU
		{BDAECE44-8F12-4AB2-8C38-08D4E6691AE2}.Release|Any CPU.ActiveCfg = Release|Any CPU
		{BDAECE44-8F12-4AB2-8C38-08D4E6691AE2}.Release|Any CPU.Build.0 = Release|Any CPU
		{7C20B026-2C51-4B6D-937F-0032CD80FA04}.Debug|Any CPU.ActiveCfg = Debug|Any CPU
		{7C20B026-2C51-4B6D-937F-0032CD80FA04}.Debug|Any CPU.Build.0 = Debug|Any CPU
		{7C20B026-2C51-4B6D-937F-0032CD80FA04}.Release|Any CPU.ActiveCfg = Release|Any CPU
		{7C20B026-2C51-4B6D-937F-0032CD80FA04}.Release|Any CPU.Build.0 = Release|Any CPU
		{3E713BB5-9B81-4D79-AA67-61FD0A2E68E2}.Debug|Any CPU.ActiveCfg = Debug|Any CPU
		{3E713BB5-9B81-4D79-AA67-61FD0A2E68E2}.Debug|Any CPU.Build.0 = Debug|Any CPU
		{3E713BB5-9B81-4D79-AA67-61FD0A2E68E2}.Release|Any CPU.ActiveCfg = Release|Any CPU
		{3E713BB5-9B81-4D79-AA67-61FD0A2E68E2}.Release|Any CPU.Build.0 = Release|Any CPU
		{EAE5397D-39B0-4F85-8832-8CE91C449A97}.Debug|Any CPU.ActiveCfg = Debug|Any CPU
		{EAE5397D-39B0-4F85-8832-8CE91C449A97}.Debug|Any CPU.Build.0 = Debug|Any CPU
		{EAE5397D-39B0-4F85-8832-8CE91C449A97}.Release|Any CPU.ActiveCfg = Release|Any CPU
		{EAE5397D-39B0-4F85-8832-8CE91C449A97}.Release|Any CPU.Build.0 = Release|Any CPU
		{B26589CB-8067-4D8A-A669-C674CC3A633B}.Debug|Any CPU.ActiveCfg = Debug|Any CPU
		{B26589CB-8067-4D8A-A669-C674CC3A633B}.Debug|Any CPU.Build.0 = Debug|Any CPU
		{B26589CB-8067-4D8A-A669-C674CC3A633B}.Release|Any CPU.ActiveCfg = Release|Any CPU
		{B26589CB-8067-4D8A-A669-C674CC3A633B}.Release|Any CPU.Build.0 = Release|Any CPU
		{EF72666A-0617-44E3-B7E1-5E24785BB77B}.Debug|Any CPU.ActiveCfg = Debug|Any CPU
		{EF72666A-0617-44E3-B7E1-5E24785BB77B}.Debug|Any CPU.Build.0 = Debug|Any CPU
		{EF72666A-0617-44E3-B7E1-5E24785BB77B}.Release|Any CPU.ActiveCfg = Release|Any CPU
		{EF72666A-0617-44E3-B7E1-5E24785BB77B}.Release|Any CPU.Build.0 = Release|Any CPU
		{C82D6305-AB60-45A6-9200-86AFEC294008}.Debug|Any CPU.ActiveCfg = Debug|Any CPU
		{C82D6305-AB60-45A6-9200-86AFEC294008}.Debug|Any CPU.Build.0 = Debug|Any CPU
		{C82D6305-AB60-45A6-9200-86AFEC294008}.Release|Any CPU.ActiveCfg = Release|Any CPU
		{C82D6305-AB60-45A6-9200-86AFEC294008}.Release|Any CPU.Build.0 = Release|Any CPU
		{8C40C8F5-73BA-4FA6-8EF0-B544CDF8B5A1}.Debug|Any CPU.ActiveCfg = Debug|Any CPU
		{8C40C8F5-73BA-4FA6-8EF0-B544CDF8B5A1}.Debug|Any CPU.Build.0 = Debug|Any CPU
		{8C40C8F5-73BA-4FA6-8EF0-B544CDF8B5A1}.Release|Any CPU.ActiveCfg = Release|Any CPU
		{8C40C8F5-73BA-4FA6-8EF0-B544CDF8B5A1}.Release|Any CPU.Build.0 = Release|Any CPU
		{B7A8BC96-5AB3-4BE2-9135-80C88CC95149}.Debug|Any CPU.ActiveCfg = Debug|Any CPU
		{B7A8BC96-5AB3-4BE2-9135-80C88CC95149}.Debug|Any CPU.Build.0 = Debug|Any CPU
		{B7A8BC96-5AB3-4BE2-9135-80C88CC95149}.Release|Any CPU.ActiveCfg = Release|Any CPU
		{B7A8BC96-5AB3-4BE2-9135-80C88CC95149}.Release|Any CPU.Build.0 = Release|Any CPU
		{1A9CA761-0943-4BC9-88AE-3E02824F4797}.Debug|Any CPU.ActiveCfg = Debug|Any CPU
		{1A9CA761-0943-4BC9-88AE-3E02824F4797}.Debug|Any CPU.Build.0 = Debug|Any CPU
		{1A9CA761-0943-4BC9-88AE-3E02824F4797}.Release|Any CPU.ActiveCfg = Release|Any CPU
		{1A9CA761-0943-4BC9-88AE-3E02824F4797}.Release|Any CPU.Build.0 = Release|Any CPU
		{553ACA60-0248-440D-A992-8B29B67D7852}.Debug|Any CPU.ActiveCfg = Debug|Any CPU
		{553ACA60-0248-440D-A992-8B29B67D7852}.Debug|Any CPU.Build.0 = Debug|Any CPU
		{553ACA60-0248-440D-A992-8B29B67D7852}.Release|Any CPU.ActiveCfg = Release|Any CPU
		{553ACA60-0248-440D-A992-8B29B67D7852}.Release|Any CPU.Build.0 = Release|Any CPU
		{BED8CF71-BB30-4F03-85AA-3CE755C76C3A}.Debug|Any CPU.ActiveCfg = Debug|Any CPU
		{BED8CF71-BB30-4F03-85AA-3CE755C76C3A}.Debug|Any CPU.Build.0 = Debug|Any CPU
		{BED8CF71-BB30-4F03-85AA-3CE755C76C3A}.Release|Any CPU.ActiveCfg = Release|Any CPU
		{BED8CF71-BB30-4F03-85AA-3CE755C76C3A}.Release|Any CPU.Build.0 = Release|Any CPU
		{77CE5998-519F-4463-9AA8-D812DFFEB5E5}.Debug|Any CPU.ActiveCfg = Debug|Any CPU
		{77CE5998-519F-4463-9AA8-D812DFFEB5E5}.Debug|Any CPU.Build.0 = Debug|Any CPU
		{77CE5998-519F-4463-9AA8-D812DFFEB5E5}.Release|Any CPU.ActiveCfg = Release|Any CPU
		{77CE5998-519F-4463-9AA8-D812DFFEB5E5}.Release|Any CPU.Build.0 = Release|Any CPU
		{C3FF486A-8A25-4BF3-AA22-EB8A79434AF7}.Debug|Any CPU.ActiveCfg = Debug|Any CPU
		{C3FF486A-8A25-4BF3-AA22-EB8A79434AF7}.Debug|Any CPU.Build.0 = Debug|Any CPU
		{C3FF486A-8A25-4BF3-AA22-EB8A79434AF7}.Release|Any CPU.ActiveCfg = Release|Any CPU
		{C3FF486A-8A25-4BF3-AA22-EB8A79434AF7}.Release|Any CPU.Build.0 = Release|Any CPU
		{AA2B1F2D-0777-4E73-A841-77F6907BF306}.Debug|Any CPU.ActiveCfg = Debug|Any CPU
		{AA2B1F2D-0777-4E73-A841-77F6907BF306}.Debug|Any CPU.Build.0 = Debug|Any CPU
		{AA2B1F2D-0777-4E73-A841-77F6907BF306}.Release|Any CPU.ActiveCfg = Release|Any CPU
		{AA2B1F2D-0777-4E73-A841-77F6907BF306}.Release|Any CPU.Build.0 = Release|Any CPU
	EndGlobalSection
	GlobalSection(SolutionProperties) = preSolution
		HideSolutionNode = FALSE
	EndGlobalSection
	GlobalSection(ExtensibilityGlobals) = postSolution
		SolutionGuid = {E79FE033-96EC-4BC3-87D2-0477F0221B5F}
	EndGlobalSection
EndGlobal
